
Microsoft Visual Studio Solution File, Format Version 12.00
# Visual Studio Version 17
VisualStudioVersion = 17.0.31903.59
MinimumVisualStudioVersion = 10.0.40219.1
Project("{FAE04EC0-301F-11D3-BF4B-00C04F79EFBC}") = "API", "API\API.csproj", "{8216821B-1C7B-4B99-9BF7-2D31A1501824}"
EndProject
Project("{FAE04EC0-301F-11D3-BF4B-00C04F79EFBC}") = "Infrastructure", "Infrastructure\Infrastructure.csproj", "{662491F3-CE03-4F16-B6C1-87DD737FD203}"
EndProject
Project("{FAE04EC0-301F-11D3-BF4B-00C04F79EFBC}") = "Core", "Core\Core.csproj", "{C50B4594-51E7-4FB8-B976-2F47B1BBEE7D}"
EndProject
Global
	GlobalSection(SolutionConfigurationPlatforms) = preSolution
		Debug|Any CPU = Debug|Any CPU
		Release|Any CPU = Release|Any CPU
	EndGlobalSection
	GlobalSection(SolutionProperties) = preSolution
		HideSolutionNode = FALSE
	EndGlobalSection
	GlobalSection(ProjectConfigurationPlatforms) = postSolution
		{8216821B-1C7B-4B99-9BF7-2D31A1501824}.Debug|Any CPU.ActiveCfg = Debug|Any CPU
		{8216821B-1C7B-4B99-9BF7-2D31A1501824}.Debug|Any CPU.Build.0 = Debug|Any CPU
		{8216821B-1C7B-4B99-9BF7-2D31A1501824}.Release|Any CPU.ActiveCfg = Release|Any CPU
		{8216821B-1C7B-4B99-9BF7-2D31A1501824}.Release|Any CPU.Build.0 = Release|Any CPU
		{662491F3-CE03-4F16-B6C1-87DD737FD203}.Debug|Any CPU.ActiveCfg = Debug|Any CPU
		{662491F3-CE03-4F16-B6C1-87DD737FD203}.Debug|Any CPU.Build.0 = Debug|Any CPU
		{662491F3-CE03-4F16-B6C1-87DD737FD203}.Release|Any CPU.ActiveCfg = Release|Any CPU
		{662491F3-CE03-4F16-B6C1-87DD737FD203}.Release|Any CPU.Build.0 = Release|Any CPU
		{C50B4594-51E7-4FB8-B976-2F47B1BBEE7D}.Debug|Any CPU.ActiveCfg = Debug|Any CPU
		{C50B4594-51E7-4FB8-B976-2F47B1BBEE7D}.Debug|Any CPU.Build.0 = Debug|Any CPU
		{C50B4594-51E7-4FB8-B976-2F47B1BBEE7D}.Release|Any CPU.ActiveCfg = Release|Any CPU
		{C50B4594-51E7-4FB8-B976-2F47B1BBEE7D}.Release|Any CPU.Build.0 = Release|Any CPU
	EndGlobalSection
EndGlobal
